// !$*UTF8*$!
{
	archiveVersion = 1;
	classes = {
	};
	objectVersion = 50;
	objects = {

/* Begin PBXBuildFile section */
		7805E73823FEED9400C58E62 /* AppDelegate.m in Sources */ = {isa = PBXBuildFile; fileRef = 7805E73723FEED9400C58E62 /* AppDelegate.m */; };
		7805E73B23FEED9400C58E62 /* AAPLViewController.m in Sources */ = {isa = PBXBuildFile; fileRef = 7805E73A23FEED9400C58E62 /* AAPLViewController.m */; };
		7805E73D23FEED9900C58E62 /* Assets.xcassets in Resources */ = {isa = PBXBuildFile; fileRef = 7805E73C23FEED9900C58E62 /* Assets.xcassets */; };
		7805E74023FEED9900C58E62 /* Main.storyboard in Resources */ = {isa = PBXBuildFile; fileRef = 7805E73E23FEED9900C58E62 /* Main.storyboard */; };
		7805E74323FEED9900C58E62 /* main.m in Sources */ = {isa = PBXBuildFile; fileRef = 7805E74223FEED9900C58E62 /* main.m */; };
		7805E74E23FEED9900C58E62 /* RenderingPipelineTests.m in Sources */ = {isa = PBXBuildFile; fileRef = 7805E74D23FEED9900C58E62 /* RenderingPipelineTests.m */; };
		7805E75B240211F600C58E62 /* Metal.framework in Frameworks */ = {isa = PBXBuildFile; fileRef = 7805E75A240211F600C58E62 /* Metal.framework */; };
		7805E75F2402136D00C58E62 /* AAPLRenderer.m in Sources */ = {isa = PBXBuildFile; fileRef = 7805E75E2402136D00C58E62 /* AAPLRenderer.m */; };
		7805E76224021C2D00C58E62 /* AAPLShaders.metal in Sources */ = {isa = PBXBuildFile; fileRef = 7805E76124021C2D00C58E62 /* AAPLShaders.metal */; };
/* End PBXBuildFile section */

/* Begin PBXContainerItemProxy section */
		7805E74A23FEED9900C58E62 /* PBXContainerItemProxy */ = {
			isa = PBXContainerItemProxy;
			containerPortal = 7805E72B23FEED9400C58E62 /* Project object */;
			proxyType = 1;
			remoteGlobalIDString = 7805E73223FEED9400C58E62;
			remoteInfo = RenderingPipeline;
		};
/* End PBXContainerItemProxy section */

/* Begin PBXFileReference section */
		7805E73323FEED9400C58E62 /* RenderingPipeline.app */ = {isa = PBXFileReference; explicitFileType = wrapper.application; includeInIndex = 0; path = RenderingPipeline.app; sourceTree = BUILT_PRODUCTS_DIR; };
		7805E73623FEED9400C58E62 /* AppDelegate.h */ = {isa = PBXFileReference; lastKnownFileType = sourcecode.c.h; path = AppDelegate.h; sourceTree = "<group>"; };
		7805E73723FEED9400C58E62 /* AppDelegate.m */ = {isa = PBXFileReference; lastKnownFileType = sourcecode.c.objc; path = AppDelegate.m; sourceTree = "<group>"; };
		7805E73923FEED9400C58E62 /* AAPLViewController.h */ = {isa = PBXFileReference; lastKnownFileType = sourcecode.c.h; path = AAPLViewController.h; sourceTree = "<group>"; };
		7805E73A23FEED9400C58E62 /* AAPLViewController.m */ = {isa = PBXFileReference; lastKnownFileType = sourcecode.c.objc; path = AAPLViewController.m; sourceTree = "<group>"; };
		7805E73C23FEED9900C58E62 /* Assets.xcassets */ = {isa = PBXFileReference; lastKnownFileType = folder.assetcatalog; path = Assets.xcassets; sourceTree = "<group>"; };
		7805E73F23FEED9900C58E62 /* Base */ = {isa = PBXFileReference; lastKnownFileType = file.storyboard; name = Base; path = Base.lproj/Main.storyboard; sourceTree = "<group>"; };
		7805E74123FEED9900C58E62 /* Info.plist */ = {isa = PBXFileReference; lastKnownFileType = text.plist.xml; path = Info.plist; sourceTree = "<group>"; };
		7805E74223FEED9900C58E62 /* main.m */ = {isa = PBXFileReference; lastKnownFileType = sourcecode.c.objc; path = main.m; sourceTree = "<group>"; };
		7805E74423FEED9900C58E62 /* RenderingPipeline.entitlements */ = {isa = PBXFileReference; lastKnownFileType = text.plist.entitlements; path = RenderingPipeline.entitlements; sourceTree = "<group>"; };
		7805E74923FEED9900C58E62 /* RenderingPipelineTests.xctest */ = {isa = PBXFileReference; explicitFileType = wrapper.cfbundle; includeInIndex = 0; path = RenderingPipelineTests.xctest; sourceTree = BUILT_PRODUCTS_DIR; };
		7805E74D23FEED9900C58E62 /* RenderingPipelineTests.m */ = {isa = PBXFileReference; lastKnownFileType = sourcecode.c.objc; path = RenderingPipelineTests.m; sourceTree = "<group>"; };
		7805E74F23FEED9900C58E62 /* Info.plist */ = {isa = PBXFileReference; lastKnownFileType = text.plist.xml; path = Info.plist; sourceTree = "<group>"; };
		7805E75A240211F600C58E62 /* Metal.framework */ = {isa = PBXFileReference; lastKnownFileType = wrapper.framework; name = Metal.framework; path = System/Library/Frameworks/Metal.framework; sourceTree = SDKROOT; };
		7805E75D2402136D00C58E62 /* AAPLRenderer.h */ = {isa = PBXFileReference; lastKnownFileType = sourcecode.c.h; path = AAPLRenderer.h; sourceTree = "<group>"; };
		7805E75E2402136D00C58E62 /* AAPLRenderer.m */ = {isa = PBXFileReference; lastKnownFileType = sourcecode.c.objc; path = AAPLRenderer.m; sourceTree = "<group>"; };
		7805E760240214E900C58E62 /* AAPLShaderTypes.h */ = {isa = PBXFileReference; lastKnownFileType = sourcecode.c.h; path = AAPLShaderTypes.h; sourceTree = "<group>"; };
		7805E76124021C2D00C58E62 /* AAPLShaders.metal */ = {isa = PBXFileReference; lastKnownFileType = sourcecode.metal; path = AAPLShaders.metal; sourceTree = "<group>"; };
/* End PBXFileReference section */

/* Begin PBXFrameworksBuildPhase section */
		7805E73023FEED9400C58E62 /* Frameworks */ = {
			isa = PBXFrameworksBuildPhase;
			buildActionMask = 2147483647;
			files = (
				7805E75B240211F600C58E62 /* Metal.framework in Frameworks */,
			);
			runOnlyForDeploymentPostprocessing = 0;
		};
		7805E74623FEED9900C58E62 /* Frameworks */ = {
			isa = PBXFrameworksBuildPhase;
			buildActionMask = 2147483647;
			files = (
			);
			runOnlyForDeploymentPostprocessing = 0;
		};
/* End PBXFrameworksBuildPhase section */

/* Begin PBXGroup section */
		7805E72A23FEED9400C58E62 = {
			isa = PBXGroup;
			children = (
				7805E73523FEED9400C58E62 /* RenderingPipeline */,
				7805E74C23FEED9900C58E62 /* RenderingPipelineTests */,
				7805E73423FEED9400C58E62 /* Products */,
				7805E759240211F600C58E62 /* Frameworks */,
			);
			sourceTree = "<group>";
		};
		7805E73423FEED9400C58E62 /* Products */ = {
			isa = PBXGroup;
			children = (
				7805E73323FEED9400C58E62 /* RenderingPipeline.app */,
				7805E74923FEED9900C58E62 /* RenderingPipelineTests.xctest */,
			);
			name = Products;
			sourceTree = "<group>";
		};
		7805E73523FEED9400C58E62 /* RenderingPipeline */ = {
			isa = PBXGroup;
			children = (
				7805E75C2402131900C58E62 /* Renderer */,
				7805E73623FEED9400C58E62 /* AppDelegate.h */,
				7805E73723FEED9400C58E62 /* AppDelegate.m */,
				7805E73923FEED9400C58E62 /* AAPLViewController.h */,
				7805E73A23FEED9400C58E62 /* AAPLViewController.m */,
				7805E73C23FEED9900C58E62 /* Assets.xcassets */,
				7805E73E23FEED9900C58E62 /* Main.storyboard */,
				7805E74123FEED9900C58E62 /* Info.plist */,
				7805E74223FEED9900C58E62 /* main.m */,
				7805E74423FEED9900C58E62 /* RenderingPipeline.entitlements */,
			);
			path = RenderingPipeline;
			sourceTree = "<group>";
		};
		7805E74C23FEED9900C58E62 /* RenderingPipelineTests */ = {
			isa = PBXGroup;
			children = (
				7805E74D23FEED9900C58E62 /* RenderingPipelineTests.m */,
				7805E74F23FEED9900C58E62 /* Info.plist */,
			);
			path = RenderingPipelineTests;
			sourceTree = "<group>";
		};
		7805E759240211F600C58E62 /* Frameworks */ = {
			isa = PBXGroup;
			children = (
				7805E75A240211F600C58E62 /* Metal.framework */,
			);
			name = Frameworks;
			sourceTree = "<group>";
		};
		7805E75C2402131900C58E62 /* Renderer */ = {
			isa = PBXGroup;
			children = (
				7805E75D2402136D00C58E62 /* AAPLRenderer.h */,
				7805E75E2402136D00C58E62 /* AAPLRenderer.m */,
				7805E760240214E900C58E62 /* AAPLShaderTypes.h */,
				7805E76124021C2D00C58E62 /* AAPLShaders.metal */,
			);
			path = Renderer;
			sourceTree = "<group>";
		};
/* End PBXGroup section */

/* Begin PBXNativeTarget section */
		7805E73223FEED9400C58E62 /* RenderingPipeline */ = {
			isa = PBXNativeTarget;
			buildConfigurationList = 7805E75223FEED9900C58E62 /* Build configuration list for PBXNativeTarget "RenderingPipeline" */;
			buildPhases = (
				7805E72F23FEED9400C58E62 /* Sources */,
				7805E73023FEED9400C58E62 /* Frameworks */,
				7805E73123FEED9400C58E62 /* Resources */,
			);
			buildRules = (
			);
			dependencies = (
			);
			name = RenderingPipeline;
			productName = RenderingPipeline;
			productReference = 7805E73323FEED9400C58E62 /* RenderingPipeline.app */;
			productType = "com.apple.product-type.application";
		};
		7805E74823FEED9900C58E62 /* RenderingPipelineTests */ = {
			isa = PBXNativeTarget;
			buildConfigurationList = 7805E75523FEED9900C58E62 /* Build configuration list for PBXNativeTarget "RenderingPipelineTests" */;
			buildPhases = (
				7805E74523FEED9900C58E62 /* Sources */,
				7805E74623FEED9900C58E62 /* Frameworks */,
				7805E74723FEED9900C58E62 /* Resources */,
			);
			buildRules = (
			);
			dependencies = (
				7805E74B23FEED9900C58E62 /* PBXTargetDependency */,
			);
			name = RenderingPipelineTests;
			productName = RenderingPipelineTests;
			productReference = 7805E74923FEED9900C58E62 /* RenderingPipelineTests.xctest */;
			productType = "com.apple.product-type.bundle.unit-test";
		};
/* End PBXNativeTarget section */

/* Begin PBXProject section */
		7805E72B23FEED9400C58E62 /* Project object */ = {
			isa = PBXProject;
			attributes = {
				LastUpgradeCheck = 1130;
				ORGANIZATIONNAME = HanGyoJeong;
				TargetAttributes = {
					7805E73223FEED9400C58E62 = {
						CreatedOnToolsVersion = 11.3.1;
					};
					7805E74823FEED9900C58E62 = {
						CreatedOnToolsVersion = 11.3.1;
						TestTargetID = 7805E73223FEED9400C58E62;
					};
				};
			};
			buildConfigurationList = 7805E72E23FEED9400C58E62 /* Build configuration list for PBXProject "RenderingPipeline" */;
			compatibilityVersion = "Xcode 9.3";
			developmentRegion = en;
			hasScannedForEncodings = 0;
			knownRegions = (
				en,
				Base,
			);
			mainGroup = 7805E72A23FEED9400C58E62;
			productRefGroup = 7805E73423FEED9400C58E62 /* Products */;
			projectDirPath = "";
			projectRoot = "";
			targets = (
				7805E73223FEED9400C58E62 /* RenderingPipeline */,
				7805E74823FEED9900C58E62 /* RenderingPipelineTests */,
			);
		};
/* End PBXProject section */

/* Begin PBXResourcesBuildPhase section */
		7805E73123FEED9400C58E62 /* Resources */ = {
			isa = PBXResourcesBuildPhase;
			buildActionMask = 2147483647;
			files = (
				7805E73D23FEED9900C58E62 /* Assets.xcassets in Resources */,
				7805E74023FEED9900C58E62 /* Main.storyboard in Resources */,
			);
			runOnlyForDeploymentPostprocessing = 0;
		};
		7805E74723FEED9900C58E62 /* Resources */ = {
			isa = PBXResourcesBuildPhase;
			buildActionMask = 2147483647;
			files = (
			);
			runOnlyForDeploymentPostprocessing = 0;
		};
/* End PBXResourcesBuildPhase section */

/* Begin PBXSourcesBuildPhase section */
		7805E72F23FEED9400C58E62 /* Sources */ = {
			isa = PBXSourcesBuildPhase;
			buildActionMask = 2147483647;
			files = (
				7805E73B23FEED9400C58E62 /* AAPLViewController.m in Sources */,
				7805E74323FEED9900C58E62 /* main.m in Sources */,
				7805E75F2402136D00C58E62 /* AAPLRenderer.m in Sources */,
				7805E76224021C2D00C58E62 /* AAPLShaders.metal in Sources */,
				7805E73823FEED9400C58E62 /* AppDelegate.m in Sources */,
			);
			runOnlyForDeploymentPostprocessing = 0;
		};
		7805E74523FEED9900C58E62 /* Sources */ = {
			isa = PBXSourcesBuildPhase;
			buildActionMask = 2147483647;
			files = (
				7805E74E23FEED9900C58E62 /* RenderingPipelineTests.m in Sources */,
			);
			runOnlyForDeploymentPostprocessing = 0;
		};
/* End PBXSourcesBuildPhase section */

/* Begin PBXTargetDependency section */
		7805E74B23FEED9900C58E62 /* PBXTargetDependency */ = {
			isa = PBXTargetDependency;
			target = 7805E73223FEED9400C58E62 /* RenderingPipeline */;
			targetProxy = 7805E74A23FEED9900C58E62 /* PBXContainerItemProxy */;
		};
/* End PBXTargetDependency section */

/* Begin PBXVariantGroup section */
		7805E73E23FEED9900C58E62 /* Main.storyboard */ = {
			isa = PBXVariantGroup;
			children = (
				7805E73F23FEED9900C58E62 /* Base */,
			);
			name = Main.storyboard;
			sourceTree = "<group>";
		};
/* End PBXVariantGroup section */

/* Begin XCBuildConfiguration section */
		7805E75023FEED9900C58E62 /* Debug */ = {
			isa = XCBuildConfiguration;
			buildSettings = {
				ALWAYS_SEARCH_USER_PATHS = NO;
				CLANG_ANALYZER_NONNULL = YES;
				CLANG_ANALYZER_NUMBER_OBJECT_CONVERSION = YES_AGGRESSIVE;
				CLANG_CXX_LANGUAGE_STANDARD = "gnu++14";
				CLANG_CXX_LIBRARY = "libc++";
				CLANG_ENABLE_MODULES = YES;
				CLANG_ENABLE_OBJC_ARC = YES;
				CLANG_ENABLE_OBJC_WEAK = YES;
				CLANG_WARN_BLOCK_CAPTURE_AUTORELEASING = YES;
				CLANG_WARN_BOOL_CONVERSION = YES;
				CLANG_WARN_COMMA = YES;
				CLANG_WARN_CONSTANT_CONVERSION = YES;
				CLANG_WARN_DEPRECATED_OBJC_IMPLEMENTATIONS = YES;
				CLANG_WARN_DIRECT_OBJC_ISA_USAGE = YES_ERROR;
				CLANG_WARN_DOCUMENTATION_COMMENTS = YES;
				CLANG_WARN_EMPTY_BODY = YES;
				CLANG_WARN_ENUM_CONVERSION = YES;
				CLANG_WARN_INFINITE_RECURSION = YES;
				CLANG_WARN_INT_CONVERSION = YES;
				CLANG_WARN_NON_LITERAL_NULL_CONVERSION = YES;
				CLANG_WARN_OBJC_IMPLICIT_RETAIN_SELF = YES;
				CLANG_WARN_OBJC_LITERAL_CONVERSION = YES;
				CLANG_WARN_OBJC_ROOT_CLASS = YES_ERROR;
				CLANG_WARN_RANGE_LOOP_ANALYSIS = YES;
				CLANG_WARN_STRICT_PROTOTYPES = YES;
				CLANG_WARN_SUSPICIOUS_MOVE = YES;
				CLANG_WARN_UNGUARDED_AVAILABILITY = YES_AGGRESSIVE;
				CLANG_WARN_UNREACHABLE_CODE = YES;
				CLANG_WARN__DUPLICATE_METHOD_MATCH = YES;
				COPY_PHASE_STRIP = NO;
				DEBUG_INFORMATION_FORMAT = dwarf;
				ENABLE_STRICT_OBJC_MSGSEND = YES;
				ENABLE_TESTABILITY = YES;
				GCC_C_LANGUAGE_STANDARD = gnu11;
				GCC_DYNAMIC_NO_PIC = NO;
				GCC_NO_COMMON_BLOCKS = YES;
				GCC_OPTIMIZATION_LEVEL = 0;
				GCC_PREPROCESSOR_DEFINITIONS = (
					"DEBUG=1",
					"$(inherited)",
				);
				GCC_WARN_64_TO_32_BIT_CONVERSION = YES;
				GCC_WARN_ABOUT_RETURN_TYPE = YES_ERROR;
				GCC_WARN_UNDECLARED_SELECTOR = YES;
				GCC_WARN_UNINITIALIZED_AUTOS = YES_AGGRESSIVE;
				GCC_WARN_UNUSED_FUNCTION = YES;
				GCC_WARN_UNUSED_VARIABLE = YES;
				MACOSX_DEPLOYMENT_TARGET = 10.15;
				MTL_ENABLE_DEBUG_INFO = INCLUDE_SOURCE;
				MTL_FAST_MATH = YES;
				ONLY_ACTIVE_ARCH = YES;
				SDKROOT = macosx;
			};
			name = Debug;
		};
		7805E75123FEED9900C58E62 /* Release */ = {
			isa = XCBuildConfiguration;
			buildSettings = {
				ALWAYS_SEARCH_USER_PATHS = NO;
				CLANG_ANALYZER_NONNULL = YES;
				CLANG_ANALYZER_NUMBER_OBJECT_CONVERSION = YES_AGGRESSIVE;
				CLANG_CXX_LANGUAGE_STANDARD = "gnu++14";
				CLANG_CXX_LIBRARY = "libc++";
				CLANG_ENABLE_MODULES = YES;
				CLANG_ENABLE_OBJC_ARC = YES;
				CLANG_ENABLE_OBJC_WEAK = YES;
				CLANG_WARN_BLOCK_CAPTURE_AUTORELEASING = YES;
				CLANG_WARN_BOOL_CONVERSION = YES;
				CLANG_WARN_COMMA = YES;
				CLANG_WARN_CONSTANT_CONVERSION = YES;
				CLANG_WARN_DEPRECATED_OBJC_IMPLEMENTATIONS = YES;
				CLANG_WARN_DIRECT_OBJC_ISA_USAGE = YES_ERROR;
				CLANG_WARN_DOCUMENTATION_COMMENTS = YES;
				CLANG_WARN_EMPTY_BODY = YES;
				CLANG_WARN_ENUM_CONVERSION = YES;
				CLANG_WARN_INFINITE_RECURSION = YES;
				CLANG_WARN_INT_CONVERSION = YES;
				CLANG_WARN_NON_LITERAL_NULL_CONVERSION = YES;
				CLANG_WARN_OBJC_IMPLICIT_RETAIN_SELF = YES;
				CLANG_WARN_OBJC_LITERAL_CONVERSION = YES;
				CLANG_WARN_OBJC_ROOT_CLASS = YES_ERROR;
				CLANG_WARN_RANGE_LOOP_ANALYSIS = YES;
				CLANG_WARN_STRICT_PROTOTYPES = YES;
				CLANG_WARN_SUSPICIOUS_MOVE = YES;
				CLANG_WARN_UNGUARDED_AVAILABILITY = YES_AGGRESSIVE;
				CLANG_WARN_UNREACHABLE_CODE = YES;
				CLANG_WARN__DUPLICATE_METHOD_MATCH = YES;
				COPY_PHASE_STRIP = NO;
				DEBUG_INFORMATION_FORMAT = "dwarf-with-dsym";
				ENABLE_NS_ASSERTIONS = NO;
				ENABLE_STRICT_OBJC_MSGSEND = YES;
				GCC_C_LANGUAGE_STANDARD = gnu11;
				GCC_NO_COMMON_BLOCKS = YES;
				GCC_WARN_64_TO_32_BIT_CONVERSION = YES;
				GCC_WARN_ABOUT_RETURN_TYPE = YES_ERROR;
				GCC_WARN_UNDECLARED_SELECTOR = YES;
				GCC_WARN_UNINITIALIZED_AUTOS = YES_AGGRESSIVE;
				GCC_WARN_UNUSED_FUNCTION = YES;
				GCC_WARN_UNUSED_VARIABLE = YES;
				MACOSX_DEPLOYMENT_TARGET = 10.15;
				MTL_ENABLE_DEBUG_INFO = NO;
				MTL_FAST_MATH = YES;
				SDKROOT = macosx;
			};
			name = Release;
		};
		7805E75323FEED9900C58E62 /* Debug */ = {
			isa = XCBuildConfiguration;
			buildSettings = {
				ASSETCATALOG_COMPILER_APPICON_NAME = AppIcon;
				CODE_SIGN_ENTITLEMENTS = RenderingPipeline/RenderingPipeline.entitlements;
				CODE_SIGN_STYLE = Automatic;
				COMBINE_HIDPI_IMAGES = YES;
				DEVELOPMENT_TEAM = KYV3CSY2F3;
				ENABLE_HARDENED_RUNTIME = YES;
				INFOPLIST_FILE = RenderingPipeline/Info.plist;
				LD_RUNPATH_SEARCH_PATHS = (
					"$(inherited)",
					"@executable_path/../Frameworks",
				);
				PRODUCT_BUNDLE_IDENTIFIER = kr.hangyojeong.RenderingPipeline;
				PRODUCT_NAME = "$(TARGET_NAME)";
			};
			name = Debug;
		};
		7805E75423FEED9900C58E62 /* Release */ = {
			isa = XCBuildConfiguration;
			buildSettings = {
				ASSETCATALOG_COMPILER_APPICON_NAME = AppIcon;
				CODE_SIGN_ENTITLEMENTS = RenderingPipeline/RenderingPipeline.entitlements;
				CODE_SIGN_STYLE = Automatic;
				COMBINE_HIDPI_IMAGES = YES;
				DEVELOPMENT_TEAM = KYV3CSY2F3;
				ENABLE_HARDENED_RUNTIME = YES;
				INFOPLIST_FILE = RenderingPipeline/Info.plist;
				LD_RUNPATH_SEARCH_PATHS = (
					"$(inherited)",
					"@executable_path/../Frameworks",
				);
				PRODUCT_BUNDLE_IDENTIFIER = kr.hangyojeong.RenderingPipeline;
				PRODUCT_NAME = "$(TARGET_NAME)";
			};
			name = Release;
		};
		7805E75623FEED9900C58E62 /* Debug */ = {
			isa = XCBuildConfiguration;
			buildSettings = {
				BUNDLE_LOADER = "$(TEST_HOST)";
				CODE_SIGN_STYLE = Automatic;
				COMBINE_HIDPI_IMAGES = YES;
				DEVELOPMENT_TEAM = KYV3CSY2F3;
				INFOPLIST_FILE = RenderingPipelineTests/Info.plist;
				LD_RUNPATH_SEARCH_PATHS = (
					"$(inherited)",
					"@executable_path/../Frameworks",
					"@loader_path/../Frameworks",
				);
				MACOSX_DEPLOYMENT_TARGET = 10.15;
				PRODUCT_BUNDLE_IDENTIFIER = kr.hangyojeong.RenderingPipelineTests;
				PRODUCT_NAME = "$(TARGET_NAME)";
				TEST_HOST = "$(BUILT_PRODUCTS_DIR)/RenderingPipeline.app/Contents/MacOS/RenderingPipeline";
			};
			name = Debug;
		};
		7805E75723FEED9900C58E62 /* Release */ = {
			isa = XCBuildConfiguration;
			buildSettings = {
				BUNDLE_LOADER = "$(TEST_HOST)";
				CODE_SIGN_STYLE = Automatic;
				COMBINE_HIDPI_IMAGES = YES;
				DEVELOPMENT_TEAM = KYV3CSY2F3;
				INFOPLIST_FILE = RenderingPipelineTests/Info.plist;
				LD_RUNPATH_SEARCH_PATHS = (
					"$(inherited)",
					"@executable_path/../Frameworks",
					"@loader_path/../Frameworks",
				);
				MACOSX_DEPLOYMENT_TARGET = 10.15;
				PRODUCT_BUNDLE_IDENTIFIER = kr.hangyojeong.RenderingPipelineTests;
				PRODUCT_NAME = "$(TARGET_NAME)";
				TEST_HOST = "$(BUILT_PRODUCTS_DIR)/RenderingPipeline.app/Contents/MacOS/RenderingPipeline";
			};
			name = Release;
		};
/* End XCBuildConfiguration section */

/* Begin XCConfigurationList section */
		7805E72E23FEED9400C58E62 /* Build configuration list for PBXProject "RenderingPipeline" */ = {
			isa = XCConfigurationList;
			buildConfigurations = (
				7805E75023FEED9900C58E62 /* Debug */,
				7805E75123FEED9900C58E62 /* Release */,
			);
			defaultConfigurationIsVisible = 0;
			defaultConfigurationName = Release;
		};
		7805E75223FEED9900C58E62 /* Build configuration list for PBXNativeTarget "RenderingPipeline" */ = {
			isa = XCConfigurationList;
			buildConfigurations = (
				7805E75323FEED9900C58E62 /* Debug */,
				7805E75423FEED9900C58E62 /* Release */,
			);
			defaultConfigurationIsVisible = 0;
			defaultConfigurationName = Release;
		};
		7805E75523FEED9900C58E62 /* Build configuration list for PBXNativeTarget "RenderingPipelineTests" */ = {
			isa = XCConfigurationList;
			buildConfigurations = (
				7805E75623FEED9900C58E62 /* Debug */,
				7805E75723FEED9900C58E62 /* Release */,
			);
			defaultConfigurationIsVisible = 0;
			defaultConfigurationName = Release;
		};
/* End XCConfigurationList section */
	};
	rootObject = 7805E72B23FEED9400C58E62 /* Project object */;
}
