// !$*UTF8*$!
{
	archiveVersion = 1;
	classes = {
	};
	objectVersion = 50;
	objects = {

/* Begin PBXBuildFile section */
		78A1AF0E242D642D00288D9F /* AppDelegate.swift in Sources */ = {isa = PBXBuildFile; fileRef = 78A1AF0D242D642D00288D9F /* AppDelegate.swift */; };
		78A1AF10242D642D00288D9F /* SceneDelegate.swift in Sources */ = {isa = PBXBuildFile; fileRef = 78A1AF0F242D642D00288D9F /* SceneDelegate.swift */; };
		78A1AF15242D642D00288D9F /* Main.storyboard in Resources */ = {isa = PBXBuildFile; fileRef = 78A1AF13242D642D00288D9F /* Main.storyboard */; };
		78A1AF17242D643300288D9F /* Assets.xcassets in Resources */ = {isa = PBXBuildFile; fileRef = 78A1AF16242D643300288D9F /* Assets.xcassets */; };
		78A1AF1A242D643300288D9F /* LaunchScreen.storyboard in Resources */ = {isa = PBXBuildFile; fileRef = 78A1AF18242D643300288D9F /* LaunchScreen.storyboard */; };
		78A1AF25242D643400288D9F /* MetalCamera_SwiftTests.swift in Sources */ = {isa = PBXBuildFile; fileRef = 78A1AF24242D643400288D9F /* MetalCamera_SwiftTests.swift */; };
		78D95696243CA238007946C0 /* PreviewMetalView.swift in Sources */ = {isa = PBXBuildFile; fileRef = 78D95695243CA238007946C0 /* PreviewMetalView.swift */; };
		78D95699243D8037007946C0 /* PassThrough.metal in Sources */ = {isa = PBXBuildFile; fileRef = 78D95698243D8037007946C0 /* PassThrough.metal */; };
		78D9569B243ED424007946C0 /* CameraViewController.swift in Sources */ = {isa = PBXBuildFile; fileRef = 78D9569A243ED424007946C0 /* CameraViewController.swift */; };
/* End PBXBuildFile section */

/* Begin PBXContainerItemProxy section */
		78A1AF21242D643400288D9F /* PBXContainerItemProxy */ = {
			isa = PBXContainerItemProxy;
			containerPortal = 78A1AF02242D642D00288D9F /* Project object */;
			proxyType = 1;
			remoteGlobalIDString = 78A1AF09242D642D00288D9F;
			remoteInfo = MetalCamera_Swift;
		};
/* End PBXContainerItemProxy section */

/* Begin PBXFileReference section */
		78A1AF0A242D642D00288D9F /* MetalCamera_Swift.app */ = {isa = PBXFileReference; explicitFileType = wrapper.application; includeInIndex = 0; path = MetalCamera_Swift.app; sourceTree = BUILT_PRODUCTS_DIR; };
		78A1AF0D242D642D00288D9F /* AppDelegate.swift */ = {isa = PBXFileReference; lastKnownFileType = sourcecode.swift; path = AppDelegate.swift; sourceTree = "<group>"; };
		78A1AF0F242D642D00288D9F /* SceneDelegate.swift */ = {isa = PBXFileReference; lastKnownFileType = sourcecode.swift; path = SceneDelegate.swift; sourceTree = "<group>"; };
		78A1AF14242D642D00288D9F /* Base */ = {isa = PBXFileReference; lastKnownFileType = file.storyboard; name = Base; path = Base.lproj/Main.storyboard; sourceTree = "<group>"; };
		78A1AF16242D643300288D9F /* Assets.xcassets */ = {isa = PBXFileReference; lastKnownFileType = folder.assetcatalog; path = Assets.xcassets; sourceTree = "<group>"; };
		78A1AF19242D643300288D9F /* Base */ = {isa = PBXFileReference; lastKnownFileType = file.storyboard; name = Base; path = Base.lproj/LaunchScreen.storyboard; sourceTree = "<group>"; };
		78A1AF1B242D643300288D9F /* Info.plist */ = {isa = PBXFileReference; lastKnownFileType = text.plist.xml; path = Info.plist; sourceTree = "<group>"; };
		78A1AF20242D643400288D9F /* MetalCamera_SwiftTests.xctest */ = {isa = PBXFileReference; explicitFileType = wrapper.cfbundle; includeInIndex = 0; path = MetalCamera_SwiftTests.xctest; sourceTree = BUILT_PRODUCTS_DIR; };
		78A1AF24242D643400288D9F /* MetalCamera_SwiftTests.swift */ = {isa = PBXFileReference; lastKnownFileType = sourcecode.swift; path = MetalCamera_SwiftTests.swift; sourceTree = "<group>"; };
		78A1AF26242D643400288D9F /* Info.plist */ = {isa = PBXFileReference; lastKnownFileType = text.plist.xml; path = Info.plist; sourceTree = "<group>"; };
		78D95695243CA238007946C0 /* PreviewMetalView.swift */ = {isa = PBXFileReference; lastKnownFileType = sourcecode.swift; path = PreviewMetalView.swift; sourceTree = "<group>"; };
		78D95698243D8037007946C0 /* PassThrough.metal */ = {isa = PBXFileReference; lastKnownFileType = sourcecode.metal; path = PassThrough.metal; sourceTree = "<group>"; };
		78D9569A243ED424007946C0 /* CameraViewController.swift */ = {isa = PBXFileReference; lastKnownFileType = sourcecode.swift; path = CameraViewController.swift; sourceTree = "<group>"; };
/* End PBXFileReference section */

/* Begin PBXFrameworksBuildPhase section */
		78A1AF07242D642D00288D9F /* Frameworks */ = {
			isa = PBXFrameworksBuildPhase;
			buildActionMask = 2147483647;
			files = (
			);
			runOnlyForDeploymentPostprocessing = 0;
		};
		78A1AF1D242D643400288D9F /* Frameworks */ = {
			isa = PBXFrameworksBuildPhase;
			buildActionMask = 2147483647;
			files = (
			);
			runOnlyForDeploymentPostprocessing = 0;
		};
/* End PBXFrameworksBuildPhase section */

/* Begin PBXGroup section */
		78A1AF01242D642D00288D9F = {
			isa = PBXGroup;
			children = (
				78A1AF0C242D642D00288D9F /* MetalCamera_Swift */,
				78A1AF23242D643400288D9F /* MetalCamera_SwiftTests */,
				78A1AF0B242D642D00288D9F /* Products */,
			);
			sourceTree = "<group>";
		};
		78A1AF0B242D642D00288D9F /* Products */ = {
			isa = PBXGroup;
			children = (
				78A1AF0A242D642D00288D9F /* MetalCamera_Swift.app */,
				78A1AF20242D643400288D9F /* MetalCamera_SwiftTests.xctest */,
			);
			name = Products;
			sourceTree = "<group>";
		};
		78A1AF0C242D642D00288D9F /* MetalCamera_Swift */ = {
			isa = PBXGroup;
			children = (
				78D95697243D8023007946C0 /* Shaders */,
				78D95694243CA1E6007946C0 /* View */,
				78A1AF0D242D642D00288D9F /* AppDelegate.swift */,
				78A1AF0F242D642D00288D9F /* SceneDelegate.swift */,
				78A1AF13242D642D00288D9F /* Main.storyboard */,
				78A1AF16242D643300288D9F /* Assets.xcassets */,
				78A1AF18242D643300288D9F /* LaunchScreen.storyboard */,
				78A1AF1B242D643300288D9F /* Info.plist */,
				78D9569A243ED424007946C0 /* CameraViewController.swift */,
			);
			path = MetalCamera_Swift;
			sourceTree = "<group>";
		};
		78A1AF23242D643400288D9F /* MetalCamera_SwiftTests */ = {
			isa = PBXGroup;
			children = (
				78A1AF24242D643400288D9F /* MetalCamera_SwiftTests.swift */,
				78A1AF26242D643400288D9F /* Info.plist */,
			);
			path = MetalCamera_SwiftTests;
			sourceTree = "<group>";
		};
		78D95694243CA1E6007946C0 /* View */ = {
			isa = PBXGroup;
			children = (
				78D95695243CA238007946C0 /* PreviewMetalView.swift */,
			);
			path = View;
			sourceTree = "<group>";
		};
		78D95697243D8023007946C0 /* Shaders */ = {
			isa = PBXGroup;
			children = (
				78D95698243D8037007946C0 /* PassThrough.metal */,
			);
			path = Shaders;
			sourceTree = "<group>";
		};
/* End PBXGroup section */

/* Begin PBXNativeTarget section */
		78A1AF09242D642D00288D9F /* MetalCamera_Swift */ = {
			isa = PBXNativeTarget;
			buildConfigurationList = 78A1AF29242D643400288D9F /* Build configuration list for PBXNativeTarget "MetalCamera_Swift" */;
			buildPhases = (
				78A1AF06242D642D00288D9F /* Sources */,
				78A1AF07242D642D00288D9F /* Frameworks */,
				78A1AF08242D642D00288D9F /* Resources */,
			);
			buildRules = (
			);
			dependencies = (
			);
			name = MetalCamera_Swift;
			productName = MetalCamera_Swift;
			productReference = 78A1AF0A242D642D00288D9F /* MetalCamera_Swift.app */;
			productType = "com.apple.product-type.application";
		};
		78A1AF1F242D643400288D9F /* MetalCamera_SwiftTests */ = {
			isa = PBXNativeTarget;
			buildConfigurationList = 78A1AF2C242D643400288D9F /* Build configuration list for PBXNativeTarget "MetalCamera_SwiftTests" */;
			buildPhases = (
				78A1AF1C242D643400288D9F /* Sources */,
				78A1AF1D242D643400288D9F /* Frameworks */,
				78A1AF1E242D643400288D9F /* Resources */,
			);
			buildRules = (
			);
			dependencies = (
				78A1AF22242D643400288D9F /* PBXTargetDependency */,
			);
			name = MetalCamera_SwiftTests;
			productName = MetalCamera_SwiftTests;
			productReference = 78A1AF20242D643400288D9F /* MetalCamera_SwiftTests.xctest */;
			productType = "com.apple.product-type.bundle.unit-test";
		};
/* End PBXNativeTarget section */

/* Begin PBXProject section */
		78A1AF02242D642D00288D9F /* Project object */ = {
			isa = PBXProject;
			attributes = {
				LastSwiftUpdateCheck = 1130;
				LastUpgradeCheck = 1130;
				ORGANIZATIONNAME = HanGyoJeong;
				TargetAttributes = {
					78A1AF09242D642D00288D9F = {
						CreatedOnToolsVersion = 11.3.1;
					};
					78A1AF1F242D643400288D9F = {
						CreatedOnToolsVersion = 11.3.1;
						TestTargetID = 78A1AF09242D642D00288D9F;
					};
				};
			};
			buildConfigurationList = 78A1AF05242D642D00288D9F /* Build configuration list for PBXProject "MetalCamera_Swift" */;
			compatibilityVersion = "Xcode 9.3";
			developmentRegion = en;
			hasScannedForEncodings = 0;
			knownRegions = (
				en,
				Base,
			);
			mainGroup = 78A1AF01242D642D00288D9F;
			productRefGroup = 78A1AF0B242D642D00288D9F /* Products */;
			projectDirPath = "";
			projectRoot = "";
			targets = (
				78A1AF09242D642D00288D9F /* MetalCamera_Swift */,
				78A1AF1F242D643400288D9F /* MetalCamera_SwiftTests */,
			);
		};
/* End PBXProject section */

/* Begin PBXResourcesBuildPhase section */
		78A1AF08242D642D00288D9F /* Resources */ = {
			isa = PBXResourcesBuildPhase;
			buildActionMask = 2147483647;
			files = (
				78A1AF1A242D643300288D9F /* LaunchScreen.storyboard in Resources */,
				78A1AF17242D643300288D9F /* Assets.xcassets in Resources */,
				78A1AF15242D642D00288D9F /* Main.storyboard in Resources */,
			);
			runOnlyForDeploymentPostprocessing = 0;
		};
		78A1AF1E242D643400288D9F /* Resources */ = {
			isa = PBXResourcesBuildPhase;
			buildActionMask = 2147483647;
			files = (
			);
			runOnlyForDeploymentPostprocessing = 0;
		};
/* End PBXResourcesBuildPhase section */

/* Begin PBXSourcesBuildPhase section */
		78A1AF06242D642D00288D9F /* Sources */ = {
			isa = PBXSourcesBuildPhase;
			buildActionMask = 2147483647;
			files = (
				78D95696243CA238007946C0 /* PreviewMetalView.swift in Sources */,
				78D9569B243ED424007946C0 /* CameraViewController.swift in Sources */,
				78A1AF0E242D642D00288D9F /* AppDelegate.swift in Sources */,
				78D95699243D8037007946C0 /* PassThrough.metal in Sources */,
				78A1AF10242D642D00288D9F /* SceneDelegate.swift in Sources */,
			);
			runOnlyForDeploymentPostprocessing = 0;
		};
		78A1AF1C242D643400288D9F /* Sources */ = {
			isa = PBXSourcesBuildPhase;
			buildActionMask = 2147483647;
			files = (
				78A1AF25242D643400288D9F /* MetalCamera_SwiftTests.swift in Sources */,
			);
			runOnlyForDeploymentPostprocessing = 0;
		};
/* End PBXSourcesBuildPhase section */

/* Begin PBXTargetDependency section */
		78A1AF22242D643400288D9F /* PBXTargetDependency */ = {
			isa = PBXTargetDependency;
			target = 78A1AF09242D642D00288D9F /* MetalCamera_Swift */;
			targetProxy = 78A1AF21242D643400288D9F /* PBXContainerItemProxy */;
		};
/* End PBXTargetDependency section */

/* Begin PBXVariantGroup section */
		78A1AF13242D642D00288D9F /* Main.storyboard */ = {
			isa = PBXVariantGroup;
			children = (
				78A1AF14242D642D00288D9F /* Base */,
			);
			name = Main.storyboard;
			sourceTree = "<group>";
		};
		78A1AF18242D643300288D9F /* LaunchScreen.storyboard */ = {
			isa = PBXVariantGroup;
			children = (
				78A1AF19242D643300288D9F /* Base */,
			);
			name = LaunchScreen.storyboard;
			sourceTree = "<group>";
		};
/* End PBXVariantGroup section */

/* Begin XCBuildConfiguration section */
		78A1AF27242D643400288D9F /* Debug */ = {
			isa = XCBuildConfiguration;
			buildSettings = {
				ALWAYS_SEARCH_USER_PATHS = NO;
				CLANG_ANALYZER_NONNULL = YES;
				CLANG_ANALYZER_NUMBER_OBJECT_CONVERSION = YES_AGGRESSIVE;
				CLANG_CXX_LANGUAGE_STANDARD = "gnu++14";
				CLANG_CXX_LIBRARY = "libc++";
				CLANG_ENABLE_MODULES = YES;
				CLANG_ENABLE_OBJC_ARC = YES;
				CLANG_ENABLE_OBJC_WEAK = YES;
				CLANG_WARN_BLOCK_CAPTURE_AUTORELEASING = YES;
				CLANG_WARN_BOOL_CONVERSION = YES;
				CLANG_WARN_COMMA = YES;
				CLANG_WARN_CONSTANT_CONVERSION = YES;
				CLANG_WARN_DEPRECATED_OBJC_IMPLEMENTATIONS = YES;
				CLANG_WARN_DIRECT_OBJC_ISA_USAGE = YES_ERROR;
				CLANG_WARN_DOCUMENTATION_COMMENTS = YES;
				CLANG_WARN_EMPTY_BODY = YES;
				CLANG_WARN_ENUM_CONVERSION = YES;
				CLANG_WARN_INFINITE_RECURSION = YES;
				CLANG_WARN_INT_CONVERSION = YES;
				CLANG_WARN_NON_LITERAL_NULL_CONVERSION = YES;
				CLANG_WARN_OBJC_IMPLICIT_RETAIN_SELF = YES;
				CLANG_WARN_OBJC_LITERAL_CONVERSION = YES;
				CLANG_WARN_OBJC_ROOT_CLASS = YES_ERROR;
				CLANG_WARN_RANGE_LOOP_ANALYSIS = YES;
				CLANG_WARN_STRICT_PROTOTYPES = YES;
				CLANG_WARN_SUSPICIOUS_MOVE = YES;
				CLANG_WARN_UNGUARDED_AVAILABILITY = YES_AGGRESSIVE;
				CLANG_WARN_UNREACHABLE_CODE = YES;
				CLANG_WARN__DUPLICATE_METHOD_MATCH = YES;
				COPY_PHASE_STRIP = NO;
				DEBUG_INFORMATION_FORMAT = dwarf;
				ENABLE_STRICT_OBJC_MSGSEND = YES;
				ENABLE_TESTABILITY = YES;
				GCC_C_LANGUAGE_STANDARD = gnu11;
				GCC_DYNAMIC_NO_PIC = NO;
				GCC_NO_COMMON_BLOCKS = YES;
				GCC_OPTIMIZATION_LEVEL = 0;
				GCC_PREPROCESSOR_DEFINITIONS = (
					"DEBUG=1",
					"$(inherited)",
				);
				GCC_WARN_64_TO_32_BIT_CONVERSION = YES;
				GCC_WARN_ABOUT_RETURN_TYPE = YES_ERROR;
				GCC_WARN_UNDECLARED_SELECTOR = YES;
				GCC_WARN_UNINITIALIZED_AUTOS = YES_AGGRESSIVE;
				GCC_WARN_UNUSED_FUNCTION = YES;
				GCC_WARN_UNUSED_VARIABLE = YES;
				IPHONEOS_DEPLOYMENT_TARGET = 13.2;
				MTL_ENABLE_DEBUG_INFO = INCLUDE_SOURCE;
				MTL_FAST_MATH = YES;
				ONLY_ACTIVE_ARCH = YES;
				SDKROOT = iphoneos;
				SWIFT_ACTIVE_COMPILATION_CONDITIONS = DEBUG;
				SWIFT_OPTIMIZATION_LEVEL = "-Onone";
			};
			name = Debug;
		};
		78A1AF28242D643400288D9F /* Release */ = {
			isa = XCBuildConfiguration;
			buildSettings = {
				ALWAYS_SEARCH_USER_PATHS = NO;
				CLANG_ANALYZER_NONNULL = YES;
				CLANG_ANALYZER_NUMBER_OBJECT_CONVERSION = YES_AGGRESSIVE;
				CLANG_CXX_LANGUAGE_STANDARD = "gnu++14";
				CLANG_CXX_LIBRARY = "libc++";
				CLANG_ENABLE_MODULES = YES;
				CLANG_ENABLE_OBJC_ARC = YES;
				CLANG_ENABLE_OBJC_WEAK = YES;
				CLANG_WARN_BLOCK_CAPTURE_AUTORELEASING = YES;
				CLANG_WARN_BOOL_CONVERSION = YES;
				CLANG_WARN_COMMA = YES;
				CLANG_WARN_CONSTANT_CONVERSION = YES;
				CLANG_WARN_DEPRECATED_OBJC_IMPLEMENTATIONS = YES;
				CLANG_WARN_DIRECT_OBJC_ISA_USAGE = YES_ERROR;
				CLANG_WARN_DOCUMENTATION_COMMENTS = YES;
				CLANG_WARN_EMPTY_BODY = YES;
				CLANG_WARN_ENUM_CONVERSION = YES;
				CLANG_WARN_INFINITE_RECURSION = YES;
				CLANG_WARN_INT_CONVERSION = YES;
				CLANG_WARN_NON_LITERAL_NULL_CONVERSION = YES;
				CLANG_WARN_OBJC_IMPLICIT_RETAIN_SELF = YES;
				CLANG_WARN_OBJC_LITERAL_CONVERSION = YES;
				CLANG_WARN_OBJC_ROOT_CLASS = YES_ERROR;
				CLANG_WARN_RANGE_LOOP_ANALYSIS = YES;
				CLANG_WARN_STRICT_PROTOTYPES = YES;
				CLANG_WARN_SUSPICIOUS_MOVE = YES;
				CLANG_WARN_UNGUARDED_AVAILABILITY = YES_AGGRESSIVE;
				CLANG_WARN_UNREACHABLE_CODE = YES;
				CLANG_WARN__DUPLICATE_METHOD_MATCH = YES;
				COPY_PHASE_STRIP = NO;
				DEBUG_INFORMATION_FORMAT = "dwarf-with-dsym";
				ENABLE_NS_ASSERTIONS = NO;
				ENABLE_STRICT_OBJC_MSGSEND = YES;
				GCC_C_LANGUAGE_STANDARD = gnu11;
				GCC_NO_COMMON_BLOCKS = YES;
				GCC_WARN_64_TO_32_BIT_CONVERSION = YES;
				GCC_WARN_ABOUT_RETURN_TYPE = YES_ERROR;
				GCC_WARN_UNDECLARED_SELECTOR = YES;
				GCC_WARN_UNINITIALIZED_AUTOS = YES_AGGRESSIVE;
				GCC_WARN_UNUSED_FUNCTION = YES;
				GCC_WARN_UNUSED_VARIABLE = YES;
				IPHONEOS_DEPLOYMENT_TARGET = 13.2;
				MTL_ENABLE_DEBUG_INFO = NO;
				MTL_FAST_MATH = YES;
				SDKROOT = iphoneos;
				SWIFT_COMPILATION_MODE = wholemodule;
				SWIFT_OPTIMIZATION_LEVEL = "-O";
				VALIDATE_PRODUCT = YES;
			};
			name = Release;
		};
		78A1AF2A242D643400288D9F /* Debug */ = {
			isa = XCBuildConfiguration;
			buildSettings = {
				ASSETCATALOG_COMPILER_APPICON_NAME = AppIcon;
				CODE_SIGN_STYLE = Automatic;
				DEVELOPMENT_TEAM = KYV3CSY2F3;
				INFOPLIST_FILE = MetalCamera_Swift/Info.plist;
				LD_RUNPATH_SEARCH_PATHS = (
					"$(inherited)",
					"@executable_path/Frameworks",
				);
				PRODUCT_BUNDLE_IDENTIFIER = "kr.hangyojeong.MetalCamera-Swift";
				PRODUCT_NAME = "$(TARGET_NAME)";
				SWIFT_VERSION = 5.0;
				TARGETED_DEVICE_FAMILY = "1,2";
			};
			name = Debug;
		};
		78A1AF2B242D643400288D9F /* Release */ = {
			isa = XCBuildConfiguration;
			buildSettings = {
				ASSETCATALOG_COMPILER_APPICON_NAME = AppIcon;
				CODE_SIGN_STYLE = Automatic;
				DEVELOPMENT_TEAM = KYV3CSY2F3;
				INFOPLIST_FILE = MetalCamera_Swift/Info.plist;
				LD_RUNPATH_SEARCH_PATHS = (
					"$(inherited)",
					"@executable_path/Frameworks",
				);
				PRODUCT_BUNDLE_IDENTIFIER = "kr.hangyojeong.MetalCamera-Swift";
				PRODUCT_NAME = "$(TARGET_NAME)";
				SWIFT_VERSION = 5.0;
				TARGETED_DEVICE_FAMILY = "1,2";
			};
			name = Release;
		};
		78A1AF2D242D643400288D9F /* Debug */ = {
			isa = XCBuildConfiguration;
			buildSettings = {
				ALWAYS_EMBED_SWIFT_STANDARD_LIBRARIES = YES;
				BUNDLE_LOADER = "$(TEST_HOST)";
				CODE_SIGN_STYLE = Automatic;
				DEVELOPMENT_TEAM = KYV3CSY2F3;
				INFOPLIST_FILE = MetalCamera_SwiftTests/Info.plist;
				IPHONEOS_DEPLOYMENT_TARGET = 13.2;
				LD_RUNPATH_SEARCH_PATHS = (
					"$(inherited)",
					"@executable_path/Frameworks",
					"@loader_path/Frameworks",
				);
				PRODUCT_BUNDLE_IDENTIFIER = "kr.hangyojeong.MetalCamera-SwiftTests";
				PRODUCT_NAME = "$(TARGET_NAME)";
				SWIFT_VERSION = 5.0;
				TARGETED_DEVICE_FAMILY = "1,2";
				TEST_HOST = "$(BUILT_PRODUCTS_DIR)/MetalCamera_Swift.app/MetalCamera_Swift";
			};
			name = Debug;
		};
		78A1AF2E242D643400288D9F /* Release */ = {
			isa = XCBuildConfiguration;
			buildSettings = {
				ALWAYS_EMBED_SWIFT_STANDARD_LIBRARIES = YES;
				BUNDLE_LOADER = "$(TEST_HOST)";
				CODE_SIGN_STYLE = Automatic;
				DEVELOPMENT_TEAM = KYV3CSY2F3;
				INFOPLIST_FILE = MetalCamera_SwiftTests/Info.plist;
				IPHONEOS_DEPLOYMENT_TARGET = 13.2;
				LD_RUNPATH_SEARCH_PATHS = (
					"$(inherited)",
					"@executable_path/Frameworks",
					"@loader_path/Frameworks",
				);
				PRODUCT_BUNDLE_IDENTIFIER = "kr.hangyojeong.MetalCamera-SwiftTests";
				PRODUCT_NAME = "$(TARGET_NAME)";
				SWIFT_VERSION = 5.0;
				TARGETED_DEVICE_FAMILY = "1,2";
				TEST_HOST = "$(BUILT_PRODUCTS_DIR)/MetalCamera_Swift.app/MetalCamera_Swift";
			};
			name = Release;
		};
/* End XCBuildConfiguration section */

/* Begin XCConfigurationList section */
		78A1AF05242D642D00288D9F /* Build configuration list for PBXProject "MetalCamera_Swift" */ = {
			isa = XCConfigurationList;
			buildConfigurations = (
				78A1AF27242D643400288D9F /* Debug */,
				78A1AF28242D643400288D9F /* Release */,
			);
			defaultConfigurationIsVisible = 0;
			defaultConfigurationName = Release;
		};
		78A1AF29242D643400288D9F /* Build configuration list for PBXNativeTarget "MetalCamera_Swift" */ = {
			isa = XCConfigurationList;
			buildConfigurations = (
				78A1AF2A242D643400288D9F /* Debug */,
				78A1AF2B242D643400288D9F /* Release */,
			);
			defaultConfigurationIsVisible = 0;
			defaultConfigurationName = Release;
		};
		78A1AF2C242D643400288D9F /* Build configuration list for PBXNativeTarget "MetalCamera_SwiftTests" */ = {
			isa = XCConfigurationList;
			buildConfigurations = (
				78A1AF2D242D643400288D9F /* Debug */,
				78A1AF2E242D643400288D9F /* Release */,
			);
			defaultConfigurationIsVisible = 0;
			defaultConfigurationName = Release;
		};
/* End XCConfigurationList section */
	};
	rootObject = 78A1AF02242D642D00288D9F /* Project object */;
}
